
Microsoft Visual Studio Solution File, Format Version 12.00
# Visual Studio Version 16
VisualStudioVersion = 16.0.29326.143
MinimumVisualStudioVersion = 10.0.40219.1
Project("{8BC9CEB8-8B4A-11D0-8D11-00A0C91BC942}") = "Quicksort", "Quicksort\Quicksort.vcxproj", "{09748BB9-A6D2-403A-9CF9-87A6C4750406}"
EndProject
Project("{8BC9CEB8-8B4A-11D0-8D11-00A0C91BC942}") = "Mergesort", "Mergesort\Mergesort.vcxproj", "{9AA64DAE-66ED-461D-833D-B7000E0600B1}"
EndProject
Project("{8BC9CEB8-8B4A-11D0-8D11-00A0C91BC942}") = "HashTable", "HashTable\HashTable.vcxproj", "{55421416-5DFA-4F9B-88D6-F0051B69F635}"
EndProject
Project("{8BC9CEB8-8B4A-11D0-8D11-00A0C91BC942}") = "BinaryTree", "BinaryTree\BinaryTree.vcxproj", "{4D644F57-931F-497C-B593-832CB3002202}"
EndProject
Project("{8BC9CEB8-8B4A-11D0-8D11-00A0C91BC942}") = "N-aryTree", "N-aryTree\N-aryTree.vcxproj", "{15DBB640-CA96-4C41-A20E-49F7875D6B30}"
EndProject
Project("{8BC9CEB8-8B4A-11D0-8D11-00A0C91BC942}") = "Trie", "Trie\Trie.vcxproj", "{9A4554A4-5C1C-4D73-8ADC-0824D8590285}"
EndProject
Project("{8BC9CEB8-8B4A-11D0-8D11-00A0C91BC942}") = "Graph", "Graph\Graph.vcxproj", "{BFEE485A-3D75-4022-8977-72CCBE11F651}"
EndProject
Global
	GlobalSection(SolutionConfigurationPlatforms) = preSolution
		Debug|x64 = Debug|x64
		Debug|x86 = Debug|x86
		Release|x64 = Release|x64
		Release|x86 = Release|x86
	EndGlobalSection
	GlobalSection(ProjectConfigurationPlatforms) = postSolution
		{09748BB9-A6D2-403A-9CF9-87A6C4750406}.Debug|x64.ActiveCfg = Debug|x64
		{09748BB9-A6D2-403A-9CF9-87A6C4750406}.Debug|x64.Build.0 = Debug|x64
		{09748BB9-A6D2-403A-9CF9-87A6C4750406}.Debug|x86.ActiveCfg = Debug|Win32
		{09748BB9-A6D2-403A-9CF9-87A6C4750406}.Debug|x86.Build.0 = Debug|Win32
		{09748BB9-A6D2-403A-9CF9-87A6C4750406}.Release|x64.ActiveCfg = Release|x64
		{09748BB9-A6D2-403A-9CF9-87A6C4750406}.Release|x64.Build.0 = Release|x64
		{09748BB9-A6D2-403A-9CF9-87A6C4750406}.Release|x86.ActiveCfg = Release|Win32
		{09748BB9-A6D2-403A-9CF9-87A6C4750406}.Release|x86.Build.0 = Release|Win32
		{9AA64DAE-66ED-461D-833D-B7000E0600B1}.Debug|x64.ActiveCfg = Debug|x64
		{9AA64DAE-66ED-461D-833D-B7000E0600B1}.Debug|x64.Build.0 = Debug|x64
		{9AA64DAE-66ED-461D-833D-B7000E0600B1}.Debug|x86.ActiveCfg = Debug|Win32
		{9AA64DAE-66ED-461D-833D-B7000E0600B1}.Debug|x86.Build.0 = Debug|Win32
		{9AA64DAE-66ED-461D-833D-B7000E0600B1}.Release|x64.ActiveCfg = Release|x64
		{9AA64DAE-66ED-461D-833D-B7000E0600B1}.Release|x64.Build.0 = Release|x64
		{9AA64DAE-66ED-461D-833D-B7000E0600B1}.Release|x86.ActiveCfg = Release|Win32
		{9AA64DAE-66ED-461D-833D-B7000E0600B1}.Release|x86.Build.0 = Release|Win32
		{55421416-5DFA-4F9B-88D6-F0051B69F635}.Debug|x64.ActiveCfg = Debug|x64
		{55421416-5DFA-4F9B-88D6-F0051B69F635}.Debug|x64.Build.0 = Debug|x64
		{55421416-5DFA-4F9B-88D6-F0051B69F635}.Debug|x86.ActiveCfg = Debug|Win32
		{55421416-5DFA-4F9B-88D6-F0051B69F635}.Debug|x86.Build.0 = Debug|Win32
		{55421416-5DFA-4F9B-88D6-F0051B69F635}.Release|x64.ActiveCfg = Release|x64
		{55421416-5DFA-4F9B-88D6-F0051B69F635}.Release|x64.Build.0 = Release|x64
		{55421416-5DFA-4F9B-88D6-F0051B69F635}.Release|x86.ActiveCfg = Release|Win32
		{55421416-5DFA-4F9B-88D6-F0051B69F635}.Release|x86.Build.0 = Release|Win32
		{4D644F57-931F-497C-B593-832CB3002202}.Debug|x64.ActiveCfg = Debug|x64
		{4D644F57-931F-497C-B593-832CB3002202}.Debug|x64.Build.0 = Debug|x64
		{4D644F57-931F-497C-B593-832CB3002202}.Debug|x86.ActiveCfg = Debug|Win32
		{4D644F57-931F-497C-B593-832CB3002202}.Debug|x86.Build.0 = Debug|Win32
		{4D644F57-931F-497C-B593-832CB3002202}.Release|x64.ActiveCfg = Release|x64
		{4D644F57-931F-497C-B593-832CB3002202}.Release|x64.Build.0 = Release|x64
		{4D644F57-931F-497C-B593-832CB3002202}.Release|x86.ActiveCfg = Release|Win32
		{4D644F57-931F-497C-B593-832CB3002202}.Release|x86.Build.0 = Release|Win32
		{15DBB640-CA96-4C41-A20E-49F7875D6B30}.Debug|x64.ActiveCfg = Debug|x64
		{15DBB640-CA96-4C41-A20E-49F7875D6B30}.Debug|x64.Build.0 = Debug|x64
		{15DBB640-CA96-4C41-A20E-49F7875D6B30}.Debug|x86.ActiveCfg = Debug|Win32
		{15DBB640-CA96-4C41-A20E-49F7875D6B30}.Debug|x86.Build.0 = Debug|Win32
		{15DBB640-CA96-4C41-A20E-49F7875D6B30}.Release|x64.ActiveCfg = Release|x64
		{15DBB640-CA96-4C41-A20E-49F7875D6B30}.Release|x64.Build.0 = Release|x64
		{15DBB640-CA96-4C41-A20E-49F7875D6B30}.Release|x86.ActiveCfg = Release|Win32
		{15DBB640-CA96-4C41-A20E-49F7875D6B30}.Release|x86.Build.0 = Release|Win32
		{9A4554A4-5C1C-4D73-8ADC-0824D8590285}.Debug|x64.ActiveCfg = Debug|x64
		{9A4554A4-5C1C-4D73-8ADC-0824D8590285}.Debug|x64.Build.0 = Debug|x64
		{9A4554A4-5C1C-4D73-8ADC-0824D8590285}.Debug|x86.ActiveCfg = Debug|Win32
		{9A4554A4-5C1C-4D73-8ADC-0824D8590285}.Debug|x86.Build.0 = Debug|Win32
		{9A4554A4-5C1C-4D73-8ADC-0824D8590285}.Release|x64.ActiveCfg = Release|x64
		{9A4554A4-5C1C-4D73-8ADC-0824D8590285}.Release|x64.Build.0 = Release|x64
		{9A4554A4-5C1C-4D73-8ADC-0824D8590285}.Release|x86.ActiveCfg = Release|Win32
		{9A4554A4-5C1C-4D73-8ADC-0824D8590285}.Release|x86.Build.0 = Release|Win32
		{BFEE485A-3D75-4022-8977-72CCBE11F651}.Debug|x64.ActiveCfg = Debug|x64
		{BFEE485A-3D75-4022-8977-72CCBE11F651}.Debug|x64.Build.0 = Debug|x64
		{BFEE485A-3D75-4022-8977-72CCBE11F651}.Debug|x86.ActiveCfg = Debug|Win32
		{BFEE485A-3D75-4022-8977-72CCBE11F651}.Debug|x86.Build.0 = Debug|Win32
		{BFEE485A-3D75-4022-8977-72CCBE11F651}.Release|x64.ActiveCfg = Release|x64
		{BFEE485A-3D75-4022-8977-72CCBE11F651}.Release|x64.Build.0 = Release|x64
		{BFEE485A-3D75-4022-8977-72CCBE11F651}.Release|x86.ActiveCfg = Release|Win32
		{BFEE485A-3D75-4022-8977-72CCBE11F651}.Release|x86.Build.0 = Release|Win32
	EndGlobalSection
	GlobalSection(SolutionProperties) = preSolution
		HideSolutionNode = FALSE
	EndGlobalSection
	GlobalSection(ExtensibilityGlobals) = postSolution
		SolutionGuid = {3D058A2A-1C9E-4266-A7B6-3B3BB0AC6ED2}
	EndGlobalSection
EndGlobal
