<?xml version="1.0" encoding="utf-8"?>
<Project ToolsVersion="4.0" xmlns="http://schemas.microsoft.com/developer/msbuild/2003">
  <ItemGroup>
    <Filter Include="Source Files">
      <UniqueIdentifier>{4FC737F1-C7A5-4376-A066-2A32D752A2FF}</UniqueIdentifier>
      <Extensions>cpp;c;cc;cxx;def;odl;idl;hpj;bat;asm;asmx</Extensions>
    </Filter>
    <Filter Include="Header Files">
      <UniqueIdentifier>{93995380-89BD-4b04-88EB-625FBE52EBFB}</UniqueIdentifier>
      <Extensions>h;hh;hpp;hxx;hm;inl;inc;ipp;xsd</Extensions>
    </Filter>
    <Filter Include="Resource Files">
      <UniqueIdentifier>{67DA6AB6-F800-4c08-8B7A-83BB121AAD01}</UniqueIdentifier>
      <Extensions>rc;ico;cur;bmp;dlg;rc2;rct;bin;rgs;gif;jpg;jpeg;jpe;resx;tiff;tif;png;wav;mfcribbon-ms</Extensions>
    </Filter>
    <Filter Include="Source Files\1. Algorithms and Strings">
      <UniqueIdentifier>{26f4cabf-481b-4701-aaee-232bf36bcb7d}</UniqueIdentifier>
    </Filter>
    <Filter Include="Source Files\2. Linked Lists">
      <UniqueIdentifier>{8ca484be-dd0f-467d-a6e7-fc9747817166}</UniqueIdentifier>
    </Filter>
    <Filter Include="Header Files\1. Algorithms and Strings">
      <UniqueIdentifier>{436f720b-5931-4f8b-898f-8d6ea7111759}</UniqueIdentifier>
    </Filter>
    <Filter Include="Header Files\2. Linked Lists">
      <UniqueIdentifier>{6c2bdde5-14e6-4e70-813f-23774a846bd6}</UniqueIdentifier>
    </Filter>
  </ItemGroup>
  <ItemGroup>
    <ClCompile Include="Main.cpp">
      <Filter>Source Files</Filter>
    </ClCompile>
    <ClCompile Include="1ex1.cpp">
      <Filter>Source Files\1. Algorithms and Strings</Filter>
    </ClCompile>
    <ClCompile Include="2ex1.cpp">
      <Filter>Source Files\2. Linked Lists</Filter>
    </ClCompile>
  </ItemGroup>
  <ItemGroup>
    <ClInclude Include="1exercises.hpp">
      <Filter>Header Files\1. Algorithms and Strings</Filter>
    </ClInclude>
    <ClInclude Include="2exercises.h">
      <Filter>Header Files\2. Linked Lists</Filter>
    </ClInclude>
  </ItemGroup>
</Project>